
Microsoft Visual Studio Solution File, Format Version 12.00
# Visual Studio Version 17
VisualStudioVersion = 17.9.34728.123
MinimumVisualStudioVersion = 10.0.40219.1
Project("{FAE04EC0-301F-11D3-BF4B-00C04F79EFBC}") = "Game_Deathroll", "Game_Deathroll\Game_Deathroll.csproj", "{EA38B829-0258-4D55-B0AA-4D23E1A7157B}"
EndProject
Global
	GlobalSection(SolutionConfigurationPlatforms) = preSolution
		Debug|Any CPU = Debug|Any CPU
		Release|Any CPU = Release|Any CPU
	EndGlobalSection
	GlobalSection(ProjectConfigurationPlatforms) = postSolution
		{EA38B829-0258-4D55-B0AA-4D23E1A7157B}.Debug|Any CPU.ActiveCfg = Debug|Any CPU
		{EA38B829-0258-4D55-B0AA-4D23E1A7157B}.Debug|Any CPU.Build.0 = Debug|Any CPU
		{EA38B829-0258-4D55-B0AA-4D23E1A7157B}.Release|Any CPU.ActiveCfg = Release|Any CPU
		{EA38B829-0258-4D55-B0AA-4D23E1A7157B}.Release|Any CPU.Build.0 = Release|Any CPU
	EndGlobalSection
	GlobalSection(SolutionProperties) = preSolution
		HideSolutionNode = FALSE
	EndGlobalSection
	GlobalSection(ExtensibilityGlobals) = postSolution
		SolutionGuid = {F20554F8-99E8-4D31-B8B4-B4A767E4D2C1}
	EndGlobalSection
EndGlobal
